
Microsoft Visual Studio Solution File, Format Version 12.00
# Visual Studio Version 16
VisualStudioVersion = 16.0.31321.278
MinimumVisualStudioVersion = 10.0.40219.1
Project("{8BC9CEB8-8B4A-11D0-8D11-00A0C91BC942}") = "DoubleLinkedList", "DoubleLinkedList\DoubleLinkedList.vcxproj", "{79326563-D855-46A9-90BD-AD95906A43A6}"
EndProject
Global
	GlobalSection(SolutionConfigurationPlatforms) = preSolution
		Debug|x64 = Debug|x64
		Debug|x86 = Debug|x86
		Release|x64 = Release|x64
		Release|x86 = Release|x86
	EndGlobalSection
	GlobalSection(ProjectConfigurationPlatforms) = postSolution
		{79326563-D855-46A9-90BD-AD95906A43A6}.Debug|x64.ActiveCfg = Debug|x64
		{79326563-D855-46A9-90BD-AD95906A43A6}.Debug|x64.Build.0 = Debug|x64
		{79326563-D855-46A9-90BD-AD95906A43A6}.Debug|x86.ActiveCfg = Debug|Win32
		{79326563-D855-46A9-90BD-AD95906A43A6}.Debug|x86.Build.0 = Debug|Win32
		{79326563-D855-46A9-90BD-AD95906A43A6}.Release|x64.ActiveCfg = Release|x64
		{79326563-D855-46A9-90BD-AD95906A43A6}.Release|x64.Build.0 = Release|x64
		{79326563-D855-46A9-90BD-AD95906A43A6}.Release|x86.ActiveCfg = Release|Win32
		{79326563-D855-46A9-90BD-AD95906A43A6}.Release|x86.Build.0 = Release|Win32
	EndGlobalSection
	GlobalSection(SolutionProperties) = preSolution
		HideSolutionNode = FALSE
	EndGlobalSection
	GlobalSection(ExtensibilityGlobals) = postSolution
		SolutionGuid = {AF3D7C7F-5EC1-472D-82D0-51E7D085F363}
	EndGlobalSection
EndGlobal
