
Microsoft Visual Studio Solution File, Format Version 12.00
# Visual Studio 2013
VisualStudioVersion = 12.0.31101.0
MinimumVisualStudioVersion = 10.0.40219.1
Project("{8BC9CEB8-8B4A-11D0-8D11-00A0C91BC942}") = "STL_Map", "STL_Map\STL_Map.vcxproj", "{ECAEC5B2-4059-4759-B214-0EBC1DD48F00}"
EndProject
Global
	GlobalSection(SolutionConfigurationPlatforms) = preSolution
		Debug|Win32 = Debug|Win32
		Release|Win32 = Release|Win32
	EndGlobalSection
	GlobalSection(ProjectConfigurationPlatforms) = postSolution
		{ECAEC5B2-4059-4759-B214-0EBC1DD48F00}.Debug|Win32.ActiveCfg = Debug|Win32
		{ECAEC5B2-4059-4759-B214-0EBC1DD48F00}.Debug|Win32.Build.0 = Debug|Win32
		{ECAEC5B2-4059-4759-B214-0EBC1DD48F00}.Release|Win32.ActiveCfg = Release|Win32
		{ECAEC5B2-4059-4759-B214-0EBC1DD48F00}.Release|Win32.Build.0 = Release|Win32
	EndGlobalSection
	GlobalSection(SolutionProperties) = preSolution
		HideSolutionNode = FALSE
	EndGlobalSection
EndGlobal
