
Microsoft Visual Studio Solution File, Format Version 12.00
# Visual Studio Version 16
VisualStudioVersion = 16.0.30717.126
MinimumVisualStudioVersion = 10.0.40219.1
Project("{8BC9CEB8-8B4A-11D0-8D11-00A0C91BC942}") = "PhoneBookWithFile", "PhoneBookWithFile\PhoneBookWithFile.vcxproj", "{04C7EBFF-F46B-4A5C-928E-B5C3A025882D}"
EndProject
Global
	GlobalSection(SolutionConfigurationPlatforms) = preSolution
		Debug|x64 = Debug|x64
		Debug|x86 = Debug|x86
		Release|x64 = Release|x64
		Release|x86 = Release|x86
	EndGlobalSection
	GlobalSection(ProjectConfigurationPlatforms) = postSolution
		{04C7EBFF-F46B-4A5C-928E-B5C3A025882D}.Debug|x64.ActiveCfg = Debug|x64
		{04C7EBFF-F46B-4A5C-928E-B5C3A025882D}.Debug|x64.Build.0 = Debug|x64
		{04C7EBFF-F46B-4A5C-928E-B5C3A025882D}.Debug|x86.ActiveCfg = Debug|Win32
		{04C7EBFF-F46B-4A5C-928E-B5C3A025882D}.Debug|x86.Build.0 = Debug|Win32
		{04C7EBFF-F46B-4A5C-928E-B5C3A025882D}.Release|x64.ActiveCfg = Release|x64
		{04C7EBFF-F46B-4A5C-928E-B5C3A025882D}.Release|x64.Build.0 = Release|x64
		{04C7EBFF-F46B-4A5C-928E-B5C3A025882D}.Release|x86.ActiveCfg = Release|Win32
		{04C7EBFF-F46B-4A5C-928E-B5C3A025882D}.Release|x86.Build.0 = Release|Win32
	EndGlobalSection
	GlobalSection(SolutionProperties) = preSolution
		HideSolutionNode = FALSE
	EndGlobalSection
	GlobalSection(ExtensibilityGlobals) = postSolution
		SolutionGuid = {F541ABC5-A2FD-4B76-B379-AAB461A2A2DB}
	EndGlobalSection
EndGlobal
